
Microsoft Visual Studio Solution File, Format Version 12.00
# Visual Studio Version 17
VisualStudioVersion = 17.11.35327.3
MinimumVisualStudioVersion = 10.0.40219.1
Project("{FAE04EC0-301F-11D3-BF4B-00C04F79EFBC}") = "Lab_5", "Lab_5.csproj", "{C57A7B6B-F7BF-49C6-ABB4-14A94354F964}"
EndProject
Global
	GlobalSection(SolutionConfigurationPlatforms) = preSolution
		Debug|Any CPU = Debug|Any CPU
		Release|Any CPU = Release|Any CPU
	EndGlobalSection
	GlobalSection(ProjectConfigurationPlatforms) = postSolution
		{C57A7B6B-F7BF-49C6-ABB4-14A94354F964}.Debug|Any CPU.ActiveCfg = Debug|Any CPU
		{C57A7B6B-F7BF-49C6-ABB4-14A94354F964}.Debug|Any CPU.Build.0 = Debug|Any CPU
		{C57A7B6B-F7BF-49C6-ABB4-14A94354F964}.Release|Any CPU.ActiveCfg = Release|Any CPU
		{C57A7B6B-F7BF-49C6-ABB4-14A94354F964}.Release|Any CPU.Build.0 = Release|Any CPU
	EndGlobalSection
	GlobalSection(SolutionProperties) = preSolution
		HideSolutionNode = FALSE
	EndGlobalSection
	GlobalSection(ExtensibilityGlobals) = postSolution
		SolutionGuid = {65B9973C-D2FF-4E3A-94FA-31ACFE002670}
	EndGlobalSection
EndGlobal
